// !$*UTF8*$!
{
	archiveVersion = 1;
	classes = {
	};
	objectVersion = 55;
	objects = {

/* Begin PBXBuildFile section */
		8A738E70283E039D0040F8D9 /* libsqlite3.tbd in Frameworks */ = {isa = PBXBuildFile; fileRef = 8A738E6F283E039D0040F8D9 /* libsqlite3.tbd */; };
		8A738E72283E20470040F8D9 /* SqliteTool.swift in Sources */ = {isa = PBXBuildFile; fileRef = 8A738E71283E20470040F8D9 /* SqliteTool.swift */; };
		8A738E74283E2C350040F8D9 /* Sql.swift in Sources */ = {isa = PBXBuildFile; fileRef = 8A738E73283E2C350040F8D9 /* Sql.swift */; };
		8A76F835283F4CA000716B3D /* ActionCreater.swift in Sources */ = {isa = PBXBuildFile; fileRef = 8A76F834283F4CA000716B3D /* ActionCreater.swift */; };
		8A7A79852843309000AA5D40 /* Book.swift in Sources */ = {isa = PBXBuildFile; fileRef = 8A7A79842843308F00AA5D40 /* Book.swift */; };
		8A7A79872843470800AA5D40 /* InsertBookClass.swift in Sources */ = {isa = PBXBuildFile; fileRef = 8A7A79862843470800AA5D40 /* InsertBookClass.swift */; };
		8A7A79892843F9AE00AA5D40 /* TableViewController.swift in Sources */ = {isa = PBXBuildFile; fileRef = 8A7A79882843F9AE00AA5D40 /* TableViewController.swift */; };
		8A7A798B284411A600AA5D40 /* SortViewController.swift in Sources */ = {isa = PBXBuildFile; fileRef = 8A7A798A284411A600AA5D40 /* SortViewController.swift */; };
		8A7A798D2844260200AA5D40 /* DetailsViewController.swift in Sources */ = {isa = PBXBuildFile; fileRef = 8A7A798C2844260200AA5D40 /* DetailsViewController.swift */; };
		8A7A798F2844CA9D00AA5D40 /* ShoppingCartTableViewController.swift in Sources */ = {isa = PBXBuildFile; fileRef = 8A7A798E2844CA9D00AA5D40 /* ShoppingCartTableViewController.swift */; };
		8A7C3F832844E0C600343AC5 /* TabBarController.swift in Sources */ = {isa = PBXBuildFile; fileRef = 8A7C3F822844E0C600343AC5 /* TabBarController.swift */; };
		8A7C3F852844ECA200343AC5 /* Shop.swift in Sources */ = {isa = PBXBuildFile; fileRef = 8A7C3F842844ECA200343AC5 /* Shop.swift */; };
		8A7FECC928465A58004D3A7A /* HistoryViewController.swift in Sources */ = {isa = PBXBuildFile; fileRef = 8A7FECC828465A58004D3A7A /* HistoryViewController.swift */; };
		8A7FECCB284A4AD9004D3A7A /* History.swift in Sources */ = {isa = PBXBuildFile; fileRef = 8A7FECCA284A4AD9004D3A7A /* History.swift */; };
		8A7FECCD284AD2BE004D3A7A /* HistoryBookViewController.swift in Sources */ = {isa = PBXBuildFile; fileRef = 8A7FECCC284AD2BE004D3A7A /* HistoryBookViewController.swift */; };
		8A7FECCF284AD326004D3A7A /* HistoryBook.swift in Sources */ = {isa = PBXBuildFile; fileRef = 8A7FECCE284AD326004D3A7A /* HistoryBook.swift */; };
		8A8AE1FD28462711002404E4 /* User.swift in Sources */ = {isa = PBXBuildFile; fileRef = 8A8AE1FC28462711002404E4 /* User.swift */; };
		8AB167DB2831E7A30028C25F /* AppDelegate.swift in Sources */ = {isa = PBXBuildFile; fileRef = 8AB167DA2831E7A30028C25F /* AppDelegate.swift */; };
		8AB167DD2831E7A30028C25F /* SceneDelegate.swift in Sources */ = {isa = PBXBuildFile; fileRef = 8AB167DC2831E7A30028C25F /* SceneDelegate.swift */; };
		8AB167DF2831E7A30028C25F /* ViewController.swift in Sources */ = {isa = PBXBuildFile; fileRef = 8AB167DE2831E7A30028C25F /* ViewController.swift */; };
		8AB167E22831E7A30028C25F /* Main.storyboard in Resources */ = {isa = PBXBuildFile; fileRef = 8AB167E02831E7A30028C25F /* Main.storyboard */; };
		8AB167E42831E7A50028C25F /* Assets.xcassets in Resources */ = {isa = PBXBuildFile; fileRef = 8AB167E32831E7A50028C25F /* Assets.xcassets */; };
		8AB167E72831E7A50028C25F /* LaunchScreen.storyboard in Resources */ = {isa = PBXBuildFile; fileRef = 8AB167E52831E7A50028C25F /* LaunchScreen.storyboard */; };
/* End PBXBuildFile section */

/* Begin PBXFileReference section */
		8A738E6F283E039D0040F8D9 /* libsqlite3.tbd */ = {isa = PBXFileReference; lastKnownFileType = "sourcecode.text-based-dylib-definition"; name = libsqlite3.tbd; path = usr/lib/libsqlite3.tbd; sourceTree = SDKROOT; };
		8A738E71283E20470040F8D9 /* SqliteTool.swift */ = {isa = PBXFileReference; lastKnownFileType = sourcecode.swift; path = SqliteTool.swift; sourceTree = "<group>"; };
		8A738E73283E2C350040F8D9 /* Sql.swift */ = {isa = PBXFileReference; lastKnownFileType = sourcecode.swift; path = Sql.swift; sourceTree = "<group>"; };
		8A76F834283F4CA000716B3D /* ActionCreater.swift */ = {isa = PBXFileReference; lastKnownFileType = sourcecode.swift; path = ActionCreater.swift; sourceTree = "<group>"; };
		8A7A79842843308F00AA5D40 /* Book.swift */ = {isa = PBXFileReference; lastKnownFileType = sourcecode.swift; path = Book.swift; sourceTree = "<group>"; };
		8A7A79862843470800AA5D40 /* InsertBookClass.swift */ = {isa = PBXFileReference; lastKnownFileType = sourcecode.swift; path = InsertBookClass.swift; sourceTree = "<group>"; };
		8A7A79882843F9AE00AA5D40 /* TableViewController.swift */ = {isa = PBXFileReference; lastKnownFileType = sourcecode.swift; path = TableViewController.swift; sourceTree = "<group>"; };
		8A7A798A284411A600AA5D40 /* SortViewController.swift */ = {isa = PBXFileReference; lastKnownFileType = sourcecode.swift; path = SortViewController.swift; sourceTree = "<group>"; };
		8A7A798C2844260200AA5D40 /* DetailsViewController.swift */ = {isa = PBXFileReference; lastKnownFileType = sourcecode.swift; path = DetailsViewController.swift; sourceTree = "<group>"; };
		8A7A798E2844CA9D00AA5D40 /* ShoppingCartTableViewController.swift */ = {isa = PBXFileReference; lastKnownFileType = sourcecode.swift; path = ShoppingCartTableViewController.swift; sourceTree = "<group>"; };
		8A7C3F822844E0C600343AC5 /* TabBarController.swift */ = {isa = PBXFileReference; lastKnownFileType = sourcecode.swift; path = TabBarController.swift; sourceTree = "<group>"; };
		8A7C3F842844ECA200343AC5 /* Shop.swift */ = {isa = PBXFileReference; lastKnownFileType = sourcecode.swift; path = Shop.swift; sourceTree = "<group>"; };
		8A7FECC828465A58004D3A7A /* HistoryViewController.swift */ = {isa = PBXFileReference; lastKnownFileType = sourcecode.swift; path = HistoryViewController.swift; sourceTree = "<group>"; };
		8A7FECCA284A4AD9004D3A7A /* History.swift */ = {isa = PBXFileReference; lastKnownFileType = sourcecode.swift; path = History.swift; sourceTree = "<group>"; };
		8A7FECCC284AD2BE004D3A7A /* HistoryBookViewController.swift */ = {isa = PBXFileReference; lastKnownFileType = sourcecode.swift; path = HistoryBookViewController.swift; sourceTree = "<group>"; };
		8A7FECCE284AD326004D3A7A /* HistoryBook.swift */ = {isa = PBXFileReference; lastKnownFileType = sourcecode.swift; path = HistoryBook.swift; sourceTree = "<group>"; };
		8A8AE1FC28462711002404E4 /* User.swift */ = {isa = PBXFileReference; lastKnownFileType = sourcecode.swift; path = User.swift; sourceTree = "<group>"; };
		8AB167D72831E7A30028C25F /* iBook.app */ = {isa = PBXFileReference; explicitFileType = wrapper.application; includeInIndex = 0; path = iBook.app; sourceTree = BUILT_PRODUCTS_DIR; };
		8AB167DA2831E7A30028C25F /* AppDelegate.swift */ = {isa = PBXFileReference; lastKnownFileType = sourcecode.swift; path = AppDelegate.swift; sourceTree = "<group>"; };
		8AB167DC2831E7A30028C25F /* SceneDelegate.swift */ = {isa = PBXFileReference; lastKnownFileType = sourcecode.swift; path = SceneDelegate.swift; sourceTree = "<group>"; };
		8AB167DE2831E7A30028C25F /* ViewController.swift */ = {isa = PBXFileReference; lastKnownFileType = sourcecode.swift; path = ViewController.swift; sourceTree = "<group>"; };
		8AB167E12831E7A30028C25F /* Base */ = {isa = PBXFileReference; lastKnownFileType = file.storyboard; name = Base; path = Base.lproj/Main.storyboard; sourceTree = "<group>"; };
		8AB167E32831E7A50028C25F /* Assets.xcassets */ = {isa = PBXFileReference; lastKnownFileType = folder.assetcatalog; path = Assets.xcassets; sourceTree = "<group>"; };
		8AB167E62831E7A50028C25F /* Base */ = {isa = PBXFileReference; lastKnownFileType = file.storyboard; name = Base; path = Base.lproj/LaunchScreen.storyboard; sourceTree = "<group>"; };
		8AB167E82831E7A50028C25F /* Info.plist */ = {isa = PBXFileReference; lastKnownFileType = text.plist.xml; path = Info.plist; sourceTree = "<group>"; };
/* End PBXFileReference section */

/* Begin PBXFrameworksBuildPhase section */
		8AB167D42831E7A30028C25F /* Frameworks */ = {
			isa = PBXFrameworksBuildPhase;
			buildActionMask = 2147483647;
			files = (
				8A738E70283E039D0040F8D9 /* libsqlite3.tbd in Frameworks */,
			);
			runOnlyForDeploymentPostprocessing = 0;
		};
/* End PBXFrameworksBuildPhase section */

/* Begin PBXGroup section */
		8A738E6E283E039D0040F8D9 /* Frameworks */ = {
			isa = PBXGroup;
			children = (
				8A738E6F283E039D0040F8D9 /* libsqlite3.tbd */,
			);
			name = Frameworks;
			sourceTree = "<group>";
		};
		8AB167CE2831E7A30028C25F = {
			isa = PBXGroup;
			children = (
				8A8AE1FC28462711002404E4 /* User.swift */,
				8A7C3F822844E0C600343AC5 /* TabBarController.swift */,
				8A7A798C2844260200AA5D40 /* DetailsViewController.swift */,
				8A7A798A284411A600AA5D40 /* SortViewController.swift */,
				8A7A79882843F9AE00AA5D40 /* TableViewController.swift */,
				8A7FECC828465A58004D3A7A /* HistoryViewController.swift */,
				8A7A798E2844CA9D00AA5D40 /* ShoppingCartTableViewController.swift */,
				8A7A79862843470800AA5D40 /* InsertBookClass.swift */,
				8A7A79842843308F00AA5D40 /* Book.swift */,
				8A7FECCA284A4AD9004D3A7A /* History.swift */,
				8A7C3F842844ECA200343AC5 /* Shop.swift */,
				8A76F834283F4CA000716B3D /* ActionCreater.swift */,
				8A738E73283E2C350040F8D9 /* Sql.swift */,
				8A738E71283E20470040F8D9 /* SqliteTool.swift */,
				8A7FECCC284AD2BE004D3A7A /* HistoryBookViewController.swift */,
				8A7FECCE284AD326004D3A7A /* HistoryBook.swift */,
				8AB167D92831E7A30028C25F /* iBook */,
				8AB167D82831E7A30028C25F /* Products */,
				8A738E6E283E039D0040F8D9 /* Frameworks */,
			);
			sourceTree = "<group>";
		};
		8AB167D82831E7A30028C25F /* Products */ = {
			isa = PBXGroup;
			children = (
				8AB167D72831E7A30028C25F /* iBook.app */,
			);
			name = Products;
			sourceTree = "<group>";
		};
		8AB167D92831E7A30028C25F /* iBook */ = {
			isa = PBXGroup;
			children = (
				8AB167DA2831E7A30028C25F /* AppDelegate.swift */,
				8AB167DC2831E7A30028C25F /* SceneDelegate.swift */,
				8AB167DE2831E7A30028C25F /* ViewController.swift */,
				8AB167E02831E7A30028C25F /* Main.storyboard */,
				8AB167E32831E7A50028C25F /* Assets.xcassets */,
				8AB167E52831E7A50028C25F /* LaunchScreen.storyboard */,
				8AB167E82831E7A50028C25F /* Info.plist */,
			);
			path = iBook;
			sourceTree = "<group>";
		};
/* End PBXGroup section */

/* Begin PBXNativeTarget section */
		8AB167D62831E7A30028C25F /* iBook */ = {
			isa = PBXNativeTarget;
			buildConfigurationList = 8AB167EB2831E7A50028C25F /* Build configuration list for PBXNativeTarget "iBook" */;
			buildPhases = (
				8AB167D32831E7A30028C25F /* Sources */,
				8AB167D42831E7A30028C25F /* Frameworks */,
				8AB167D52831E7A30028C25F /* Resources */,
			);
			buildRules = (
			);
			dependencies = (
			);
			name = iBook;
			productName = iBook;
			productReference = 8AB167D72831E7A30028C25F /* iBook.app */;
			productType = "com.apple.product-type.application";
		};
/* End PBXNativeTarget section */

/* Begin PBXProject section */
		8AB167CF2831E7A30028C25F /* Project object */ = {
			isa = PBXProject;
			attributes = {
				BuildIndependentTargetsInParallel = 1;
				KnownAssetTags = (
					1,
				);
				LastSwiftUpdateCheck = 1320;
				LastUpgradeCheck = 1320;
				TargetAttributes = {
					8AB167D62831E7A30028C25F = {
						CreatedOnToolsVersion = 13.2.1;
					};
				};
			};
			buildConfigurationList = 8AB167D22831E7A30028C25F /* Build configuration list for PBXProject "iBook" */;
			compatibilityVersion = "Xcode 13.0";
			developmentRegion = en;
			hasScannedForEncodings = 0;
			knownRegions = (
				en,
				Base,
			);
			mainGroup = 8AB167CE2831E7A30028C25F;
			productRefGroup = 8AB167D82831E7A30028C25F /* Products */;
			projectDirPath = "";
			projectRoot = "";
			targets = (
				8AB167D62831E7A30028C25F /* iBook */,
			);
		};
/* End PBXProject section */

/* Begin PBXResourcesBuildPhase section */
		8AB167D52831E7A30028C25F /* Resources */ = {
			isa = PBXResourcesBuildPhase;
			buildActionMask = 2147483647;
			files = (
				8AB167E72831E7A50028C25F /* LaunchScreen.storyboard in Resources */,
				8AB167E42831E7A50028C25F /* Assets.xcassets in Resources */,
				8AB167E22831E7A30028C25F /* Main.storyboard in Resources */,
			);
			runOnlyForDeploymentPostprocessing = 0;
		};
/* End PBXResourcesBuildPhase section */

/* Begin PBXSourcesBuildPhase section */
		8AB167D32831E7A30028C25F /* Sources */ = {
			isa = PBXSourcesBuildPhase;
			buildActionMask = 2147483647;
			files = (
				8A7FECCB284A4AD9004D3A7A /* History.swift in Sources */,
				8A7A798B284411A600AA5D40 /* SortViewController.swift in Sources */,
				8A7FECCD284AD2BE004D3A7A /* HistoryBookViewController.swift in Sources */,
				8A7C3F832844E0C600343AC5 /* TabBarController.swift in Sources */,
				8A738E74283E2C350040F8D9 /* Sql.swift in Sources */,
				8AB167DF2831E7A30028C25F /* ViewController.swift in Sources */,
				8A7A798D2844260200AA5D40 /* DetailsViewController.swift in Sources */,
				8A7A79852843309000AA5D40 /* Book.swift in Sources */,
				8A7A798F2844CA9D00AA5D40 /* ShoppingCartTableViewController.swift in Sources */,
				8A7FECC928465A58004D3A7A /* HistoryViewController.swift in Sources */,
				8A76F835283F4CA000716B3D /* ActionCreater.swift in Sources */,
				8A8AE1FD28462711002404E4 /* User.swift in Sources */,
				8AB167DB2831E7A30028C25F /* AppDelegate.swift in Sources */,
				8AB167DD2831E7A30028C25F /* SceneDelegate.swift in Sources */,
				8A7A79872843470800AA5D40 /* InsertBookClass.swift in Sources */,
				8A7C3F852844ECA200343AC5 /* Shop.swift in Sources */,
				8A7FECCF284AD326004D3A7A /* HistoryBook.swift in Sources */,
				8A7A79892843F9AE00AA5D40 /* TableViewController.swift in Sources */,
				8A738E72283E20470040F8D9 /* SqliteTool.swift in Sources */,
			);
			runOnlyForDeploymentPostprocessing = 0;
		};
/* End PBXSourcesBuildPhase section */

/* Begin PBXVariantGroup section */
		8AB167E02831E7A30028C25F /* Main.storyboard */ = {
			isa = PBXVariantGroup;
			children = (
				8AB167E12831E7A30028C25F /* Base */,
			);
			name = Main.storyboard;
			sourceTree = "<group>";
		};
		8AB167E52831E7A50028C25F /* LaunchScreen.storyboard */ = {
			isa = PBXVariantGroup;
			children = (
				8AB167E62831E7A50028C25F /* Base */,
			);
			name = LaunchScreen.storyboard;
			sourceTree = "<group>";
		};
/* End PBXVariantGroup section */

/* Begin XCBuildConfiguration section */
		8AB167E92831E7A50028C25F /* Debug */ = {
			isa = XCBuildConfiguration;
			buildSettings = {
				ALWAYS_SEARCH_USER_PATHS = NO;
				CLANG_ANALYZER_NONNULL = YES;
				CLANG_ANALYZER_NUMBER_OBJECT_CONVERSION = YES_AGGRESSIVE;
				CLANG_CXX_LANGUAGE_STANDARD = "gnu++17";
				CLANG_CXX_LIBRARY = "libc++";
				CLANG_ENABLE_MODULES = YES;
				CLANG_ENABLE_OBJC_ARC = YES;
				CLANG_ENABLE_OBJC_WEAK = YES;
				CLANG_WARN_BLOCK_CAPTURE_AUTORELEASING = YES;
				CLANG_WARN_BOOL_CONVERSION = YES;
				CLANG_WARN_COMMA = YES;
				CLANG_WARN_CONSTANT_CONVERSION = YES;
				CLANG_WARN_DEPRECATED_OBJC_IMPLEMENTATIONS = YES;
				CLANG_WARN_DIRECT_OBJC_ISA_USAGE = YES_ERROR;
				CLANG_WARN_DOCUMENTATION_COMMENTS = YES;
				CLANG_WARN_EMPTY_BODY = YES;
				CLANG_WARN_ENUM_CONVERSION = YES;
				CLANG_WARN_INFINITE_RECURSION = YES;
				CLANG_WARN_INT_CONVERSION = YES;
				CLANG_WARN_NON_LITERAL_NULL_CONVERSION = YES;
				CLANG_WARN_OBJC_IMPLICIT_RETAIN_SELF = YES;
				CLANG_WARN_OBJC_LITERAL_CONVERSION = YES;
				CLANG_WARN_OBJC_ROOT_CLASS = YES_ERROR;
				CLANG_WARN_QUOTED_INCLUDE_IN_FRAMEWORK_HEADER = YES;
				CLANG_WARN_RANGE_LOOP_ANALYSIS = YES;
				CLANG_WARN_STRICT_PROTOTYPES = YES;
				CLANG_WARN_SUSPICIOUS_MOVE = YES;
				CLANG_WARN_UNGUARDED_AVAILABILITY = YES_AGGRESSIVE;
				CLANG_WARN_UNREACHABLE_CODE = YES;
				CLANG_WARN__DUPLICATE_METHOD_MATCH = YES;
				COPY_PHASE_STRIP = NO;
				DEBUG_INFORMATION_FORMAT = dwarf;
				ENABLE_STRICT_OBJC_MSGSEND = YES;
				ENABLE_TESTABILITY = YES;
				GCC_C_LANGUAGE_STANDARD = gnu11;
				GCC_DYNAMIC_NO_PIC = NO;
				GCC_NO_COMMON_BLOCKS = YES;
				GCC_OPTIMIZATION_LEVEL = 0;
				GCC_PREPROCESSOR_DEFINITIONS = (
					"DEBUG=1",
					"$(inherited)",
				);
				GCC_WARN_64_TO_32_BIT_CONVERSION = YES;
				GCC_WARN_ABOUT_RETURN_TYPE = YES_ERROR;
				GCC_WARN_UNDECLARED_SELECTOR = YES;
				GCC_WARN_UNINITIALIZED_AUTOS = YES_AGGRESSIVE;
				GCC_WARN_UNUSED_FUNCTION = YES;
				GCC_WARN_UNUSED_VARIABLE = YES;
				IPHONEOS_DEPLOYMENT_TARGET = 15.2;
				MTL_ENABLE_DEBUG_INFO = INCLUDE_SOURCE;
				MTL_FAST_MATH = YES;
				ONLY_ACTIVE_ARCH = YES;
				SDKROOT = iphoneos;
				SWIFT_ACTIVE_COMPILATION_CONDITIONS = DEBUG;
				SWIFT_OPTIMIZATION_LEVEL = "-Onone";
			};
			name = Debug;
		};
		8AB167EA2831E7A50028C25F /* Release */ = {
			isa = XCBuildConfiguration;
			buildSettings = {
				ALWAYS_SEARCH_USER_PATHS = NO;
				CLANG_ANALYZER_NONNULL = YES;
				CLANG_ANALYZER_NUMBER_OBJECT_CONVERSION = YES_AGGRESSIVE;
				CLANG_CXX_LANGUAGE_STANDARD = "gnu++17";
				CLANG_CXX_LIBRARY = "libc++";
				CLANG_ENABLE_MODULES = YES;
				CLANG_ENABLE_OBJC_ARC = YES;
				CLANG_ENABLE_OBJC_WEAK = YES;
				CLANG_WARN_BLOCK_CAPTURE_AUTORELEASING = YES;
				CLANG_WARN_BOOL_CONVERSION = YES;
				CLANG_WARN_COMMA = YES;
				CLANG_WARN_CONSTANT_CONVERSION = YES;
				CLANG_WARN_DEPRECATED_OBJC_IMPLEMENTATIONS = YES;
				CLANG_WARN_DIRECT_OBJC_ISA_USAGE = YES_ERROR;
				CLANG_WARN_DOCUMENTATION_COMMENTS = YES;
				CLANG_WARN_EMPTY_BODY = YES;
				CLANG_WARN_ENUM_CONVERSION = YES;
				CLANG_WARN_INFINITE_RECURSION = YES;
				CLANG_WARN_INT_CONVERSION = YES;
				CLANG_WARN_NON_LITERAL_NULL_CONVERSION = YES;
				CLANG_WARN_OBJC_IMPLICIT_RETAIN_SELF = YES;
				CLANG_WARN_OBJC_LITERAL_CONVERSION = YES;
				CLANG_WARN_OBJC_ROOT_CLASS = YES_ERROR;
				CLANG_WARN_QUOTED_INCLUDE_IN_FRAMEWORK_HEADER = YES;
				CLANG_WARN_RANGE_LOOP_ANALYSIS = YES;
				CLANG_WARN_STRICT_PROTOTYPES = YES;
				CLANG_WARN_SUSPICIOUS_MOVE = YES;
				CLANG_WARN_UNGUARDED_AVAILABILITY = YES_AGGRESSIVE;
				CLANG_WARN_UNREACHABLE_CODE = YES;
				CLANG_WARN__DUPLICATE_METHOD_MATCH = YES;
				COPY_PHASE_STRIP = NO;
				DEBUG_INFORMATION_FORMAT = "dwarf-with-dsym";
				ENABLE_NS_ASSERTIONS = NO;
				ENABLE_STRICT_OBJC_MSGSEND = YES;
				GCC_C_LANGUAGE_STANDARD = gnu11;
				GCC_NO_COMMON_BLOCKS = YES;
				GCC_WARN_64_TO_32_BIT_CONVERSION = YES;
				GCC_WARN_ABOUT_RETURN_TYPE = YES_ERROR;
				GCC_WARN_UNDECLARED_SELECTOR = YES;
				GCC_WARN_UNINITIALIZED_AUTOS = YES_AGGRESSIVE;
				GCC_WARN_UNUSED_FUNCTION = YES;
				GCC_WARN_UNUSED_VARIABLE = YES;
				IPHONEOS_DEPLOYMENT_TARGET = 15.2;
				MTL_ENABLE_DEBUG_INFO = NO;
				MTL_FAST_MATH = YES;
				SDKROOT = iphoneos;
				SWIFT_COMPILATION_MODE = wholemodule;
				SWIFT_OPTIMIZATION_LEVEL = "-O";
				VALIDATE_PRODUCT = YES;
			};
			name = Release;
		};
		8AB167EC2831E7A50028C25F /* Debug */ = {
			isa = XCBuildConfiguration;
			buildSettings = {
				ASSETCATALOG_COMPILER_APPICON_NAME = AppIcon;
				ASSETCATALOG_COMPILER_GLOBAL_ACCENT_COLOR_NAME = AccentColor;
				CODE_SIGN_STYLE = Automatic;
				CURRENT_PROJECT_VERSION = 1;
				DEVELOPMENT_TEAM = NACA3DWGG9;
				GENERATE_INFOPLIST_FILE = YES;
				INFOPLIST_FILE = iBook/Info.plist;
				INFOPLIST_KEY_UIApplicationSupportsIndirectInputEvents = YES;
				INFOPLIST_KEY_UILaunchStoryboardName = LaunchScreen;
				INFOPLIST_KEY_UIMainStoryboardFile = Main;
				INFOPLIST_KEY_UISupportedInterfaceOrientations_iPad = "UIInterfaceOrientationPortrait UIInterfaceOrientationPortraitUpsideDown UIInterfaceOrientationLandscapeLeft UIInterfaceOrientationLandscapeRight";
				INFOPLIST_KEY_UISupportedInterfaceOrientations_iPhone = "UIInterfaceOrientationPortrait UIInterfaceOrientationLandscapeLeft UIInterfaceOrientationLandscapeRight";
				LD_RUNPATH_SEARCH_PATHS = (
					"$(inherited)",
					"@executable_path/Frameworks",
				);
				MARKETING_VERSION = 1.0;
				PRODUCT_BUNDLE_IDENTIFIER = benzoin.iBook;
				PRODUCT_NAME = "$(TARGET_NAME)";
				SWIFT_EMIT_LOC_STRINGS = YES;
				SWIFT_VERSION = 5.0;
				TARGETED_DEVICE_FAMILY = "1,2";
			};
			name = Debug;
		};
		8AB167ED2831E7A50028C25F /* Release */ = {
			isa = XCBuildConfiguration;
			buildSettings = {
				ASSETCATALOG_COMPILER_APPICON_NAME = AppIcon;
				ASSETCATALOG_COMPILER_GLOBAL_ACCENT_COLOR_NAME = AccentColor;
				CODE_SIGN_STYLE = Automatic;
				CURRENT_PROJECT_VERSION = 1;
				DEVELOPMENT_TEAM = NACA3DWGG9;
				GENERATE_INFOPLIST_FILE = YES;
				INFOPLIST_FILE = iBook/Info.plist;
				INFOPLIST_KEY_UIApplicationSupportsIndirectInputEvents = YES;
				INFOPLIST_KEY_UILaunchStoryboardName = LaunchScreen;
				INFOPLIST_KEY_UIMainStoryboardFile = Main;
				INFOPLIST_KEY_UISupportedInterfaceOrientations_iPad = "UIInterfaceOrientationPortrait UIInterfaceOrientationPortraitUpsideDown UIInterfaceOrientationLandscapeLeft UIInterfaceOrientationLandscapeRight";
				INFOPLIST_KEY_UISupportedInterfaceOrientations_iPhone = "UIInterfaceOrientationPortrait UIInterfaceOrientationLandscapeLeft UIInterfaceOrientationLandscapeRight";
				LD_RUNPATH_SEARCH_PATHS = (
					"$(inherited)",
					"@executable_path/Frameworks",
				);
				MARKETING_VERSION = 1.0;
				PRODUCT_BUNDLE_IDENTIFIER = benzoin.iBook;
				PRODUCT_NAME = "$(TARGET_NAME)";
				SWIFT_EMIT_LOC_STRINGS = YES;
				SWIFT_VERSION = 5.0;
				TARGETED_DEVICE_FAMILY = "1,2";
			};
			name = Release;
		};
/* End XCBuildConfiguration section */

/* Begin XCConfigurationList section */
		8AB167D22831E7A30028C25F /* Build configuration list for PBXProject "iBook" */ = {
			isa = XCConfigurationList;
			buildConfigurations = (
				8AB167E92831E7A50028C25F /* Debug */,
				8AB167EA2831E7A50028C25F /* Release */,
			);
			defaultConfigurationIsVisible = 0;
			defaultConfigurationName = Release;
		};
		8AB167EB2831E7A50028C25F /* Build configuration list for PBXNativeTarget "iBook" */ = {
			isa = XCConfigurationList;
			buildConfigurations = (
				8AB167EC2831E7A50028C25F /* Debug */,
				8AB167ED2831E7A50028C25F /* Release */,
			);
			defaultConfigurationIsVisible = 0;
			defaultConfigurationName = Release;
		};
/* End XCConfigurationList section */
	};
	rootObject = 8AB167CF2831E7A30028C25F /* Project object */;
}
